
Microsoft Visual Studio Solution File, Format Version 12.00
# Visual Studio 2012
Project("{FAE04EC0-301F-11D3-BF4B-00C04F79EFBC}") = "TeamCityAzure", "TeamCityAzure\TeamCityAzure.csproj", "{BF6A3E73-1D39-4356-8103-713CFB062C98}"
EndProject
Project("{FAE04EC0-301F-11D3-BF4B-00C04F79EFBC}") = "TeamCityAzure.Tests", "TeamCityAzure.Tests\TeamCityAzure.Tests.csproj", "{19620A46-3C63-4236-87DA-1B54CAA552C9}"
EndProject
Global
	GlobalSection(SolutionConfigurationPlatforms) = preSolution
		Debug|Any CPU = Debug|Any CPU
		Release|Any CPU = Release|Any CPU
	EndGlobalSection
	GlobalSection(ProjectConfigurationPlatforms) = postSolution
		{BF6A3E73-1D39-4356-8103-713CFB062C98}.Debug|Any CPU.ActiveCfg = Debug|Any CPU
		{BF6A3E73-1D39-4356-8103-713CFB062C98}.Debug|Any CPU.Build.0 = Debug|Any CPU
		{BF6A3E73-1D39-4356-8103-713CFB062C98}.Release|Any CPU.ActiveCfg = Release|Any CPU
		{BF6A3E73-1D39-4356-8103-713CFB062C98}.Release|Any CPU.Build.0 = Release|Any CPU
		{19620A46-3C63-4236-87DA-1B54CAA552C9}.Debug|Any CPU.ActiveCfg = Debug|Any CPU
		{19620A46-3C63-4236-87DA-1B54CAA552C9}.Debug|Any CPU.Build.0 = Debug|Any CPU
		{19620A46-3C63-4236-87DA-1B54CAA552C9}.Release|Any CPU.ActiveCfg = Release|Any CPU
		{19620A46-3C63-4236-87DA-1B54CAA552C9}.Release|Any CPU.Build.0 = Release|Any CPU
	EndGlobalSection
	GlobalSection(SolutionProperties) = preSolution
		HideSolutionNode = FALSE
	EndGlobalSection
EndGlobal
